Microsoft Visual Studio Solution File, Format Version 12.00
# Visual Studio Version 17
VisualStudioVersion = 17.2.32210.308
MinimumVisualStudioVersion = 15.0.26124.0

Project("{2150E333-8FDC-42A3-9474-1A3956D46DE8}") = "Source", "Source", "{39C24505-9D90-427B-9C35-6C62FABF79EA}"
EndProject
Project("{2150E333-8FDC-42A3-9474-1A3956D46DE8}") = "Platforms", "Platforms", "{C8F6CFE6-7EE4-4491-9140-36D3CB528A54}"
EndProject
Project("{2150E333-8FDC-42A3-9474-1A3956D46DE8}") = "Backend", "Backend", "{97D2605E-524D-46C3-A712-8EDD889B0CCB}"
EndProject
Project("{2150E333-8FDC-42A3-9474-1A3956D46DE8}") = "Tests", "Tests", "{B46A517C-1B95-4420-9DE9-DAC80DF00475}"
EndProject

Project("{9A19103F-16F7-4668-BE54-9A1E7A4F7556}") = "UnoDevContainerApp", "UnoDevContainerApp\UnoDevContainerApp.csproj", "{C644BC85-7237-4CC3-BA39-0BD0EFD261D2}"
EndProject
Project("{9A19103F-16F7-4668-BE54-9A1E7A4F7556}") = "UnoDevContainerApp.Base", "UnoDevContainerApp.Base\UnoDevContainerApp.Base.csproj", "{2189102C-8698-4760-A2C5-ADED686F84E2}"
EndProject
Project("{9A19103F-16F7-4668-BE54-9A1E7A4F7556}") = "UnoDevContainerApp.Mobile", "UnoDevContainerApp.Mobile\UnoDevContainerApp.Mobile.csproj", "{2DAEDC8B-3E5C-433B-A302-38F3983B44A6}"
EndProject
Project("{9A19103F-16F7-4668-BE54-9A1E7A4F7556}") = "UnoDevContainerApp.Wasm", "UnoDevContainerApp.Wasm\UnoDevContainerApp.Wasm.csproj", "{A0A73194-B937-4B1C-9DAA-27F7A2A49D5D}"
EndProject
Project("{9A19103F-16F7-4668-BE54-9A1E7A4F7556}") = "UnoDevContainerApp.Skia.Gtk", "UnoDevContainerApp.Skia.Gtk\UnoDevContainerApp.Skia.Gtk.csproj", "{F5A2BDE6-4175-40F8-B73F-972CF80EEF47}"
EndProject
Project("{9A19103F-16F7-4668-BE54-9A1E7A4F7556}") = "UnoDevContainerApp.Windows", "UnoDevContainerApp.Windows\UnoDevContainerApp.Windows.csproj", "{7ACD2FE5-7C27-488D-820A-ACEE0F0185DB}"
EndProject
Project("{9A19103F-16F7-4668-BE54-9A1E7A4F7556}") = "UnoDevContainerApp.Server", "UnoDevContainerApp.Server\UnoDevContainerApp.Server.csproj", "{CD172908-2A9D-472E-9979-978948CE1210}"
EndProject
Project("{9A19103F-16F7-4668-BE54-9A1E7A4F7556}") = "UnoDevContainerApp.DataContracts", "UnoDevContainerApp.DataContracts\UnoDevContainerApp.DataContracts.csproj", "{ED338E50-C051-4E97-8427-136C724BE399}"
EndProject
Project("{9A19103F-16F7-4668-BE54-9A1E7A4F7556}") = "UnoDevContainerApp.Tests", "UnoDevContainerApp.Tests\UnoDevContainerApp.Tests.csproj", "{FC1C6C05-6136-4F43-81C7-140EEB4C195A}"
EndProject
Project("{9A19103F-16F7-4668-BE54-9A1E7A4F7556}") = "UnoDevContainerApp.UITests", "UnoDevContainerApp.UITests\UnoDevContainerApp.UITests.csproj", "{ABC81603-8E0E-413F-9552-7F09094E71F4}"
EndProject

Project("{2150E333-8FDC-42A3-9474-1A3956D46DE8}") = "Solution Items", "Solution Items", "{BADA71DC-7FFD-4EDC-9F28-FB74AEADC713}"
	ProjectSection(SolutionItems) = preProject
		.gitignore = .gitignore
		Directory.Build.props = Directory.Build.props
		Directory.Build.targets = Directory.Build.targets
		solution-config.props.sample = solution-config.props.sample
		Directory.Packages.props = Directory.Packages.props
	EndProjectSection
EndProject
Global
	GlobalSection(SolutionConfigurationPlatforms) = preSolution
		Debug|Any CPU = Debug|Any CPU
		Debug|ARM = Debug|ARM
		Debug|ARM64 = Debug|ARM64
		Debug|iPhone = Debug|iPhone
		Debug|iPhoneSimulator = Debug|iPhoneSimulator
		Debug|x64 = Debug|x64
		Debug|x86 = Debug|x86
		Release|Any CPU = Release|Any CPU
		Release|ARM = Release|ARM
		Release|ARM64 = Release|ARM64
		Release|iPhone = Release|iPhone
		Release|iPhoneSimulator = Release|iPhoneSimulator
		Release|x64 = Release|x64
		Release|x86 = Release|x86
	EndGlobalSection
	GlobalSection(ProjectConfigurationPlatforms) = postSolution
		{2DAEDC8B-3E5C-433B-A302-38F3983B44A6}.Debug|Any CPU.ActiveCfg = Debug|Any CPU
		{2DAEDC8B-3E5C-433B-A302-38F3983B44A6}.Debug|Any CPU.Build.0 = Debug|Any CPU
		{2DAEDC8B-3E5C-433B-A302-38F3983B44A6}.Debug|Any CPU.Deploy.0 = Debug|Any CPU
		{2DAEDC8B-3E5C-433B-A302-38F3983B44A6}.Debug|ARM.ActiveCfg = Debug|Any CPU
		{2DAEDC8B-3E5C-433B-A302-38F3983B44A6}.Debug|ARM.Build.0 = Debug|Any CPU
		{2DAEDC8B-3E5C-433B-A302-38F3983B44A6}.Debug|ARM.Deploy.0 = Debug|Any CPU
		{2DAEDC8B-3E5C-433B-A302-38F3983B44A6}.Debug|ARM64.ActiveCfg = Debug|Any CPU
		{2DAEDC8B-3E5C-433B-A302-38F3983B44A6}.Debug|ARM64.Build.0 = Debug|Any CPU
		{2DAEDC8B-3E5C-433B-A302-38F3983B44A6}.Debug|ARM64.Deploy.0 = Debug|Any CPU
		{2DAEDC8B-3E5C-433B-A302-38F3983B44A6}.Debug|iPhone.ActiveCfg = Debug|Any CPU
		{2DAEDC8B-3E5C-433B-A302-38F3983B44A6}.Debug|iPhone.Build.0 = Debug|Any CPU
		{2DAEDC8B-3E5C-433B-A302-38F3983B44A6}.Debug|iPhone.Deploy.0 = Debug|Any CPU
		{2DAEDC8B-3E5C-433B-A302-38F3983B44A6}.Debug|iPhoneSimulator.ActiveCfg = Debug|Any CPU
		{2DAEDC8B-3E5C-433B-A302-38F3983B44A6}.Debug|iPhoneSimulator.Build.0 = Debug|Any CPU
		{2DAEDC8B-3E5C-433B-A302-38F3983B44A6}.Debug|iPhoneSimulator.Deploy.0 = Debug|Any CPU
		{2DAEDC8B-3E5C-433B-A302-38F3983B44A6}.Debug|x64.ActiveCfg = Debug|Any CPU
		{2DAEDC8B-3E5C-433B-A302-38F3983B44A6}.Debug|x64.Build.0 = Debug|Any CPU
		{2DAEDC8B-3E5C-433B-A302-38F3983B44A6}.Debug|x64.Deploy.0 = Debug|Any CPU
		{2DAEDC8B-3E5C-433B-A302-38F3983B44A6}.Debug|x86.ActiveCfg = Debug|Any CPU
		{2DAEDC8B-3E5C-433B-A302-38F3983B44A6}.Debug|x86.Build.0 = Debug|Any CPU
		{2DAEDC8B-3E5C-433B-A302-38F3983B44A6}.Debug|x86.Deploy.0 = Debug|Any CPU
		{2DAEDC8B-3E5C-433B-A302-38F3983B44A6}.Release|Any CPU.ActiveCfg = Release|Any CPU
		{2DAEDC8B-3E5C-433B-A302-38F3983B44A6}.Release|Any CPU.Build.0 = Release|Any CPU
		{2DAEDC8B-3E5C-433B-A302-38F3983B44A6}.Release|Any CPU.Deploy.0 = Release|Any CPU
		{2DAEDC8B-3E5C-433B-A302-38F3983B44A6}.Release|ARM.ActiveCfg = Release|Any CPU
		{2DAEDC8B-3E5C-433B-A302-38F3983B44A6}.Release|ARM.Build.0 = Release|Any CPU
		{2DAEDC8B-3E5C-433B-A302-38F3983B44A6}.Release|ARM.Deploy.0 = Release|Any CPU
		{2DAEDC8B-3E5C-433B-A302-38F3983B44A6}.Release|ARM64.ActiveCfg = Release|Any CPU
		{2DAEDC8B-3E5C-433B-A302-38F3983B44A6}.Release|ARM64.Build.0 = Release|Any CPU
		{2DAEDC8B-3E5C-433B-A302-38F3983B44A6}.Release|ARM64.Deploy.0 = Release|Any CPU
		{2DAEDC8B-3E5C-433B-A302-38F3983B44A6}.Release|iPhone.ActiveCfg = Release|Any CPU
		{2DAEDC8B-3E5C-433B-A302-38F3983B44A6}.Release|iPhone.Build.0 = Release|Any CPU
		{2DAEDC8B-3E5C-433B-A302-38F3983B44A6}.Release|iPhone.Deploy.0 = Release|Any CPU
		{2DAEDC8B-3E5C-433B-A302-38F3983B44A6}.Release|iPhoneSimulator.ActiveCfg = Release|Any CPU
		{2DAEDC8B-3E5C-433B-A302-38F3983B44A6}.Release|iPhoneSimulator.Build.0 = Release|Any CPU
		{2DAEDC8B-3E5C-433B-A302-38F3983B44A6}.Release|iPhoneSimulator.Deploy.0 = Release|Any CPU
		{2DAEDC8B-3E5C-433B-A302-38F3983B44A6}.Release|x64.ActiveCfg = Release|Any CPU
		{2DAEDC8B-3E5C-433B-A302-38F3983B44A6}.Release|x64.Build.0 = Release|Any CPU
		{2DAEDC8B-3E5C-433B-A302-38F3983B44A6}.Release|x64.Deploy.0 = Release|Any CPU
		{2DAEDC8B-3E5C-433B-A302-38F3983B44A6}.Release|x86.ActiveCfg = Release|Any CPU
		{2DAEDC8B-3E5C-433B-A302-38F3983B44A6}.Release|x86.Build.0 = Release|Any CPU
		{2DAEDC8B-3E5C-433B-A302-38F3983B44A6}.Release|x86.Deploy.0 = Release|Any CPU
		{A0A73194-B937-4B1C-9DAA-27F7A2A49D5D}.Debug|Any CPU.ActiveCfg = Debug|Any CPU
		{A0A73194-B937-4B1C-9DAA-27F7A2A49D5D}.Debug|Any CPU.Build.0 = Debug|Any CPU
		{A0A73194-B937-4B1C-9DAA-27F7A2A49D5D}.Debug|ARM.ActiveCfg = Debug|Any CPU
		{A0A73194-B937-4B1C-9DAA-27F7A2A49D5D}.Debug|ARM.Build.0 = Debug|Any CPU
		{A0A73194-B937-4B1C-9DAA-27F7A2A49D5D}.Debug|ARM64.ActiveCfg = Debug|Any CPU
		{A0A73194-B937-4B1C-9DAA-27F7A2A49D5D}.Debug|ARM64.Build.0 = Debug|Any CPU
		{A0A73194-B937-4B1C-9DAA-27F7A2A49D5D}.Debug|iPhone.ActiveCfg = Debug|Any CPU
		{A0A73194-B937-4B1C-9DAA-27F7A2A49D5D}.Debug|iPhone.Build.0 = Debug|Any CPU
		{A0A73194-B937-4B1C-9DAA-27F7A2A49D5D}.Debug|iPhoneSimulator.ActiveCfg = Debug|Any CPU
		{A0A73194-B937-4B1C-9DAA-27F7A2A49D5D}.Debug|iPhoneSimulator.Build.0 = Debug|Any CPU
		{A0A73194-B937-4B1C-9DAA-27F7A2A49D5D}.Debug|x64.ActiveCfg = Debug|Any CPU
		{A0A73194-B937-4B1C-9DAA-27F7A2A49D5D}.Debug|x64.Build.0 = Debug|Any CPU
		{A0A73194-B937-4B1C-9DAA-27F7A2A49D5D}.Debug|x86.ActiveCfg = Debug|Any CPU
		{A0A73194-B937-4B1C-9DAA-27F7A2A49D5D}.Debug|x86.Build.0 = Debug|Any CPU
		{A0A73194-B937-4B1C-9DAA-27F7A2A49D5D}.Release|Any CPU.ActiveCfg = Release|Any CPU
		{A0A73194-B937-4B1C-9DAA-27F7A2A49D5D}.Release|Any CPU.Build.0 = Release|Any CPU
		{A0A73194-B937-4B1C-9DAA-27F7A2A49D5D}.Release|ARM.ActiveCfg = Release|Any CPU
		{A0A73194-B937-4B1C-9DAA-27F7A2A49D5D}.Release|ARM.Build.0 = Release|Any CPU
		{A0A73194-B937-4B1C-9DAA-27F7A2A49D5D}.Release|ARM64.ActiveCfg = Release|Any CPU
		{A0A73194-B937-4B1C-9DAA-27F7A2A49D5D}.Release|ARM64.Build.0 = Release|Any CPU
		{A0A73194-B937-4B1C-9DAA-27F7A2A49D5D}.Release|iPhone.ActiveCfg = Release|Any CPU
		{A0A73194-B937-4B1C-9DAA-27F7A2A49D5D}.Release|iPhone.Build.0 = Release|Any CPU
		{A0A73194-B937-4B1C-9DAA-27F7A2A49D5D}.Release|iPhoneSimulator.ActiveCfg = Release|Any CPU
		{A0A73194-B937-4B1C-9DAA-27F7A2A49D5D}.Release|iPhoneSimulator.Build.0 = Release|Any CPU
		{A0A73194-B937-4B1C-9DAA-27F7A2A49D5D}.Release|x64.ActiveCfg = Release|Any CPU
		{A0A73194-B937-4B1C-9DAA-27F7A2A49D5D}.Release|x64.Build.0 = Release|Any CPU
		{A0A73194-B937-4B1C-9DAA-27F7A2A49D5D}.Release|x86.ActiveCfg = Release|Any CPU
		{A0A73194-B937-4B1C-9DAA-27F7A2A49D5D}.Release|x86.Build.0 = Release|Any CPU
		{F5A2BDE6-4175-40F8-B73F-972CF80EEF47}.Debug|Any CPU.ActiveCfg = Debug|Any CPU
		{F5A2BDE6-4175-40F8-B73F-972CF80EEF47}.Debug|Any CPU.Build.0 = Debug|Any CPU
		{F5A2BDE6-4175-40F8-B73F-972CF80EEF47}.Debug|ARM.ActiveCfg = Debug|Any CPU
		{F5A2BDE6-4175-40F8-B73F-972CF80EEF47}.Debug|ARM.Build.0 = Debug|Any CPU
		{F5A2BDE6-4175-40F8-B73F-972CF80EEF47}.Debug|ARM64.ActiveCfg = Debug|Any CPU
		{F5A2BDE6-4175-40F8-B73F-972CF80EEF47}.Debug|ARM64.Build.0 = Debug|Any CPU
		{F5A2BDE6-4175-40F8-B73F-972CF80EEF47}.Debug|iPhone.ActiveCfg = Debug|Any CPU
		{F5A2BDE6-4175-40F8-B73F-972CF80EEF47}.Debug|iPhone.Build.0 = Debug|Any CPU
		{F5A2BDE6-4175-40F8-B73F-972CF80EEF47}.Debug|iPhoneSimulator.ActiveCfg = Debug|Any CPU
		{F5A2BDE6-4175-40F8-B73F-972CF80EEF47}.Debug|iPhoneSimulator.Build.0 = Debug|Any CPU
		{F5A2BDE6-4175-40F8-B73F-972CF80EEF47}.Debug|x64.ActiveCfg = Debug|Any CPU
		{F5A2BDE6-4175-40F8-B73F-972CF80EEF47}.Debug|x64.Build.0 = Debug|Any CPU
		{F5A2BDE6-4175-40F8-B73F-972CF80EEF47}.Debug|x86.ActiveCfg = Debug|Any CPU
		{F5A2BDE6-4175-40F8-B73F-972CF80EEF47}.Debug|x86.Build.0 = Debug|Any CPU
		{F5A2BDE6-4175-40F8-B73F-972CF80EEF47}.Release|Any CPU.ActiveCfg = Release|Any CPU
		{F5A2BDE6-4175-40F8-B73F-972CF80EEF47}.Release|Any CPU.Build.0 = Release|Any CPU
		{F5A2BDE6-4175-40F8-B73F-972CF80EEF47}.Release|ARM.ActiveCfg = Release|Any CPU
		{F5A2BDE6-4175-40F8-B73F-972CF80EEF47}.Release|ARM.Build.0 = Release|Any CPU
		{F5A2BDE6-4175-40F8-B73F-972CF80EEF47}.Release|ARM64.ActiveCfg = Release|Any CPU
		{F5A2BDE6-4175-40F8-B73F-972CF80EEF47}.Release|ARM64.Build.0 = Release|Any CPU
		{F5A2BDE6-4175-40F8-B73F-972CF80EEF47}.Release|iPhone.ActiveCfg = Release|Any CPU
		{F5A2BDE6-4175-40F8-B73F-972CF80EEF47}.Release|iPhone.Build.0 = Release|Any CPU
		{F5A2BDE6-4175-40F8-B73F-972CF80EEF47}.Release|iPhoneSimulator.ActiveCfg = Release|Any CPU
		{F5A2BDE6-4175-40F8-B73F-972CF80EEF47}.Release|iPhoneSimulator.Build.0 = Release|Any CPU
		{F5A2BDE6-4175-40F8-B73F-972CF80EEF47}.Release|x64.ActiveCfg = Release|Any CPU
		{F5A2BDE6-4175-40F8-B73F-972CF80EEF47}.Release|x64.Build.0 = Release|Any CPU
		{F5A2BDE6-4175-40F8-B73F-972CF80EEF47}.Release|x86.ActiveCfg = Release|Any CPU
		{F5A2BDE6-4175-40F8-B73F-972CF80EEF47}.Release|x86.Build.0 = Release|Any CPU
		{CD172908-2A9D-472E-9979-978948CE1210}.Debug|Any CPU.ActiveCfg = Debug|Any CPU
		{CD172908-2A9D-472E-9979-978948CE1210}.Debug|Any CPU.Build.0 = Debug|Any CPU
		{CD172908-2A9D-472E-9979-978948CE1210}.Debug|ARM.ActiveCfg = Debug|Any CPU
		{CD172908-2A9D-472E-9979-978948CE1210}.Debug|ARM.Build.0 = Debug|Any CPU
		{CD172908-2A9D-472E-9979-978948CE1210}.Debug|ARM64.ActiveCfg = Debug|Any CPU
		{CD172908-2A9D-472E-9979-978948CE1210}.Debug|ARM64.Build.0 = Debug|Any CPU
		{CD172908-2A9D-472E-9979-978948CE1210}.Debug|iPhone.ActiveCfg = Debug|Any CPU
		{CD172908-2A9D-472E-9979-978948CE1210}.Debug|iPhone.Build.0 = Debug|Any CPU
		{CD172908-2A9D-472E-9979-978948CE1210}.Debug|iPhoneSimulator.ActiveCfg = Debug|Any CPU
		{CD172908-2A9D-472E-9979-978948CE1210}.Debug|iPhoneSimulator.Build.0 = Debug|Any CPU
		{CD172908-2A9D-472E-9979-978948CE1210}.Debug|x64.ActiveCfg = Debug|Any CPU
		{CD172908-2A9D-472E-9979-978948CE1210}.Debug|x64.Build.0 = Debug|Any CPU
		{CD172908-2A9D-472E-9979-978948CE1210}.Debug|x86.ActiveCfg = Debug|Any CPU
		{CD172908-2A9D-472E-9979-978948CE1210}.Debug|x86.Build.0 = Debug|Any CPU
		{CD172908-2A9D-472E-9979-978948CE1210}.Release|Any CPU.ActiveCfg = Release|Any CPU
		{CD172908-2A9D-472E-9979-978948CE1210}.Release|Any CPU.Build.0 = Release|Any CPU
		{CD172908-2A9D-472E-9979-978948CE1210}.Release|ARM.ActiveCfg = Release|Any CPU
		{CD172908-2A9D-472E-9979-978948CE1210}.Release|ARM.Build.0 = Release|Any CPU
		{CD172908-2A9D-472E-9979-978948CE1210}.Release|ARM64.ActiveCfg = Release|Any CPU
		{CD172908-2A9D-472E-9979-978948CE1210}.Release|ARM64.Build.0 = Release|Any CPU
		{CD172908-2A9D-472E-9979-978948CE1210}.Release|iPhone.ActiveCfg = Release|Any CPU
		{CD172908-2A9D-472E-9979-978948CE1210}.Release|iPhone.Build.0 = Release|Any CPU
		{CD172908-2A9D-472E-9979-978948CE1210}.Release|iPhoneSimulator.ActiveCfg = Release|Any CPU
		{CD172908-2A9D-472E-9979-978948CE1210}.Release|iPhoneSimulator.Build.0 = Release|Any CPU
		{CD172908-2A9D-472E-9979-978948CE1210}.Release|x64.ActiveCfg = Release|Any CPU
		{CD172908-2A9D-472E-9979-978948CE1210}.Release|x64.Build.0 = Release|Any CPU
		{CD172908-2A9D-472E-9979-978948CE1210}.Release|x86.ActiveCfg = Release|Any CPU
		{CD172908-2A9D-472E-9979-978948CE1210}.Release|x86.Build.0 = Release|Any CPU
		{ED338E50-C051-4E97-8427-136C724BE399}.Debug|Any CPU.ActiveCfg = Debug|Any CPU
		{ED338E50-C051-4E97-8427-136C724BE399}.Debug|Any CPU.Build.0 = Debug|Any CPU
		{ED338E50-C051-4E97-8427-136C724BE399}.Debug|ARM.ActiveCfg = Debug|Any CPU
		{ED338E50-C051-4E97-8427-136C724BE399}.Debug|ARM.Build.0 = Debug|Any CPU
		{ED338E50-C051-4E97-8427-136C724BE399}.Debug|ARM64.ActiveCfg = Debug|Any CPU
		{ED338E50-C051-4E97-8427-136C724BE399}.Debug|ARM64.Build.0 = Debug|Any CPU
		{ED338E50-C051-4E97-8427-136C724BE399}.Debug|iPhone.ActiveCfg = Debug|Any CPU
		{ED338E50-C051-4E97-8427-136C724BE399}.Debug|iPhone.Build.0 = Debug|Any CPU
		{ED338E50-C051-4E97-8427-136C724BE399}.Debug|iPhoneSimulator.ActiveCfg = Debug|Any CPU
		{ED338E50-C051-4E97-8427-136C724BE399}.Debug|iPhoneSimulator.Build.0 = Debug|Any CPU
		{ED338E50-C051-4E97-8427-136C724BE399}.Debug|x64.ActiveCfg = Debug|Any CPU
		{ED338E50-C051-4E97-8427-136C724BE399}.Debug|x64.Build.0 = Debug|Any CPU
		{ED338E50-C051-4E97-8427-136C724BE399}.Debug|x86.ActiveCfg = Debug|Any CPU
		{ED338E50-C051-4E97-8427-136C724BE399}.Debug|x86.Build.0 = Debug|Any CPU
		{ED338E50-C051-4E97-8427-136C724BE399}.Release|Any CPU.ActiveCfg = Release|Any CPU
		{ED338E50-C051-4E97-8427-136C724BE399}.Release|Any CPU.Build.0 = Release|Any CPU
		{ED338E50-C051-4E97-8427-136C724BE399}.Release|ARM.ActiveCfg = Release|Any CPU
		{ED338E50-C051-4E97-8427-136C724BE399}.Release|ARM.Build.0 = Release|Any CPU
		{ED338E50-C051-4E97-8427-136C724BE399}.Release|ARM64.ActiveCfg = Release|Any CPU
		{ED338E50-C051-4E97-8427-136C724BE399}.Release|ARM64.Build.0 = Release|Any CPU
		{ED338E50-C051-4E97-8427-136C724BE399}.Release|iPhone.ActiveCfg = Release|Any CPU
		{ED338E50-C051-4E97-8427-136C724BE399}.Release|iPhone.Build.0 = Release|Any CPU
		{ED338E50-C051-4E97-8427-136C724BE399}.Release|iPhoneSimulator.ActiveCfg = Release|Any CPU
		{ED338E50-C051-4E97-8427-136C724BE399}.Release|iPhoneSimulator.Build.0 = Release|Any CPU
		{ED338E50-C051-4E97-8427-136C724BE399}.Release|x64.ActiveCfg = Release|Any CPU
		{ED338E50-C051-4E97-8427-136C724BE399}.Release|x64.Build.0 = Release|Any CPU
		{ED338E50-C051-4E97-8427-136C724BE399}.Release|x86.ActiveCfg = Release|Any CPU
		{ED338E50-C051-4E97-8427-136C724BE399}.Release|x86.Build.0 = Release|Any CPU
		{C644BC85-7237-4CC3-BA39-0BD0EFD261D2}.Debug|Any CPU.ActiveCfg = Debug|Any CPU
		{C644BC85-7237-4CC3-BA39-0BD0EFD261D2}.Debug|Any CPU.Build.0 = Debug|Any CPU
		{C644BC85-7237-4CC3-BA39-0BD0EFD261D2}.Debug|ARM.ActiveCfg = Debug|Any CPU
		{C644BC85-7237-4CC3-BA39-0BD0EFD261D2}.Debug|ARM.Build.0 = Debug|Any CPU
		{C644BC85-7237-4CC3-BA39-0BD0EFD261D2}.Debug|ARM64.ActiveCfg = Debug|Any CPU
		{C644BC85-7237-4CC3-BA39-0BD0EFD261D2}.Debug|ARM64.Build.0 = Debug|Any CPU
		{C644BC85-7237-4CC3-BA39-0BD0EFD261D2}.Debug|iPhone.ActiveCfg = Debug|Any CPU
		{C644BC85-7237-4CC3-BA39-0BD0EFD261D2}.Debug|iPhone.Build.0 = Debug|Any CPU
		{C644BC85-7237-4CC3-BA39-0BD0EFD261D2}.Debug|iPhoneSimulator.ActiveCfg = Debug|Any CPU
		{C644BC85-7237-4CC3-BA39-0BD0EFD261D2}.Debug|iPhoneSimulator.Build.0 = Debug|Any CPU
		{C644BC85-7237-4CC3-BA39-0BD0EFD261D2}.Debug|x64.ActiveCfg = Debug|Any CPU
		{C644BC85-7237-4CC3-BA39-0BD0EFD261D2}.Debug|x64.Build.0 = Debug|Any CPU
		{C644BC85-7237-4CC3-BA39-0BD0EFD261D2}.Debug|x86.ActiveCfg = Debug|Any CPU
		{C644BC85-7237-4CC3-BA39-0BD0EFD261D2}.Debug|x86.Build.0 = Debug|Any CPU
		{C644BC85-7237-4CC3-BA39-0BD0EFD261D2}.Release|Any CPU.ActiveCfg = Release|Any CPU
		{C644BC85-7237-4CC3-BA39-0BD0EFD261D2}.Release|Any CPU.Build.0 = Release|Any CPU
		{C644BC85-7237-4CC3-BA39-0BD0EFD261D2}.Release|ARM.ActiveCfg = Release|Any CPU
		{C644BC85-7237-4CC3-BA39-0BD0EFD261D2}.Release|ARM.Build.0 = Release|Any CPU
		{C644BC85-7237-4CC3-BA39-0BD0EFD261D2}.Release|ARM64.ActiveCfg = Release|Any CPU
		{C644BC85-7237-4CC3-BA39-0BD0EFD261D2}.Release|ARM64.Build.0 = Release|Any CPU
		{C644BC85-7237-4CC3-BA39-0BD0EFD261D2}.Release|iPhone.ActiveCfg = Release|Any CPU
		{C644BC85-7237-4CC3-BA39-0BD0EFD261D2}.Release|iPhone.Build.0 = Release|Any CPU
		{C644BC85-7237-4CC3-BA39-0BD0EFD261D2}.Release|iPhoneSimulator.ActiveCfg = Release|Any CPU
		{C644BC85-7237-4CC3-BA39-0BD0EFD261D2}.Release|iPhoneSimulator.Build.0 = Release|Any CPU
		{C644BC85-7237-4CC3-BA39-0BD0EFD261D2}.Release|x64.ActiveCfg = Release|Any CPU
		{C644BC85-7237-4CC3-BA39-0BD0EFD261D2}.Release|x64.Build.0 = Release|Any CPU
		{C644BC85-7237-4CC3-BA39-0BD0EFD261D2}.Release|x86.ActiveCfg = Release|Any CPU
		{C644BC85-7237-4CC3-BA39-0BD0EFD261D2}.Release|x86.Build.0 = Release|Any CPU
		{FC1C6C05-6136-4F43-81C7-140EEB4C195A}.Debug|Any CPU.ActiveCfg = Debug|Any CPU
		{FC1C6C05-6136-4F43-81C7-140EEB4C195A}.Debug|Any CPU.Build.0 = Debug|Any CPU
		{FC1C6C05-6136-4F43-81C7-140EEB4C195A}.Debug|ARM.ActiveCfg = Debug|Any CPU
		{FC1C6C05-6136-4F43-81C7-140EEB4C195A}.Debug|ARM.Build.0 = Debug|Any CPU
		{FC1C6C05-6136-4F43-81C7-140EEB4C195A}.Debug|ARM64.ActiveCfg = Debug|Any CPU
		{FC1C6C05-6136-4F43-81C7-140EEB4C195A}.Debug|ARM64.Build.0 = Debug|Any CPU
		{FC1C6C05-6136-4F43-81C7-140EEB4C195A}.Debug|iPhone.ActiveCfg = Debug|Any CPU
		{FC1C6C05-6136-4F43-81C7-140EEB4C195A}.Debug|iPhone.Build.0 = Debug|Any CPU
		{FC1C6C05-6136-4F43-81C7-140EEB4C195A}.Debug|iPhoneSimulator.ActiveCfg = Debug|Any CPU
		{FC1C6C05-6136-4F43-81C7-140EEB4C195A}.Debug|iPhoneSimulator.Build.0 = Debug|Any CPU
		{FC1C6C05-6136-4F43-81C7-140EEB4C195A}.Debug|x64.ActiveCfg = Debug|Any CPU
		{FC1C6C05-6136-4F43-81C7-140EEB4C195A}.Debug|x64.Build.0 = Debug|Any CPU
		{FC1C6C05-6136-4F43-81C7-140EEB4C195A}.Debug|x86.ActiveCfg = Debug|Any CPU
		{FC1C6C05-6136-4F43-81C7-140EEB4C195A}.Debug|x86.Build.0 = Debug|Any CPU
		{FC1C6C05-6136-4F43-81C7-140EEB4C195A}.Release|Any CPU.ActiveCfg = Release|Any CPU
		{FC1C6C05-6136-4F43-81C7-140EEB4C195A}.Release|Any CPU.Build.0 = Release|Any CPU
		{FC1C6C05-6136-4F43-81C7-140EEB4C195A}.Release|ARM.ActiveCfg = Release|Any CPU
		{FC1C6C05-6136-4F43-81C7-140EEB4C195A}.Release|ARM.Build.0 = Release|Any CPU
		{FC1C6C05-6136-4F43-81C7-140EEB4C195A}.Release|ARM64.ActiveCfg = Release|Any CPU
		{FC1C6C05-6136-4F43-81C7-140EEB4C195A}.Release|ARM64.Build.0 = Release|Any CPU
		{FC1C6C05-6136-4F43-81C7-140EEB4C195A}.Release|iPhone.ActiveCfg = Release|Any CPU
		{FC1C6C05-6136-4F43-81C7-140EEB4C195A}.Release|iPhone.Build.0 = Release|Any CPU
		{FC1C6C05-6136-4F43-81C7-140EEB4C195A}.Release|iPhoneSimulator.ActiveCfg = Release|Any CPU
		{FC1C6C05-6136-4F43-81C7-140EEB4C195A}.Release|iPhoneSimulator.Build.0 = Release|Any CPU
		{FC1C6C05-6136-4F43-81C7-140EEB4C195A}.Release|x64.ActiveCfg = Release|Any CPU
		{FC1C6C05-6136-4F43-81C7-140EEB4C195A}.Release|x64.Build.0 = Release|Any CPU
		{FC1C6C05-6136-4F43-81C7-140EEB4C195A}.Release|x86.ActiveCfg = Release|Any CPU
		{FC1C6C05-6136-4F43-81C7-140EEB4C195A}.Release|x86.Build.0 = Release|Any CPU
		{ABC81603-8E0E-413F-9552-7F09094E71F4}.Debug|Any CPU.ActiveCfg = Debug|Any CPU
		{ABC81603-8E0E-413F-9552-7F09094E71F4}.Debug|Any CPU.Build.0 = Debug|Any CPU
		{ABC81603-8E0E-413F-9552-7F09094E71F4}.Debug|ARM.ActiveCfg = Debug|Any CPU
		{ABC81603-8E0E-413F-9552-7F09094E71F4}.Debug|ARM.Build.0 = Debug|Any CPU
		{ABC81603-8E0E-413F-9552-7F09094E71F4}.Debug|ARM64.ActiveCfg = Debug|Any CPU
		{ABC81603-8E0E-413F-9552-7F09094E71F4}.Debug|ARM64.Build.0 = Debug|Any CPU
		{ABC81603-8E0E-413F-9552-7F09094E71F4}.Debug|iPhone.ActiveCfg = Debug|Any CPU
		{ABC81603-8E0E-413F-9552-7F09094E71F4}.Debug|iPhone.Build.0 = Debug|Any CPU
		{ABC81603-8E0E-413F-9552-7F09094E71F4}.Debug|iPhoneSimulator.ActiveCfg = Debug|Any CPU
		{ABC81603-8E0E-413F-9552-7F09094E71F4}.Debug|iPhoneSimulator.Build.0 = Debug|Any CPU
		{ABC81603-8E0E-413F-9552-7F09094E71F4}.Debug|x64.ActiveCfg = Debug|Any CPU
		{ABC81603-8E0E-413F-9552-7F09094E71F4}.Debug|x64.Build.0 = Debug|Any CPU
		{ABC81603-8E0E-413F-9552-7F09094E71F4}.Debug|x86.ActiveCfg = Debug|Any CPU
		{ABC81603-8E0E-413F-9552-7F09094E71F4}.Debug|x86.Build.0 = Debug|Any CPU
		{ABC81603-8E0E-413F-9552-7F09094E71F4}.Release|Any CPU.ActiveCfg = Release|Any CPU
		{ABC81603-8E0E-413F-9552-7F09094E71F4}.Release|Any CPU.Build.0 = Release|Any CPU
		{ABC81603-8E0E-413F-9552-7F09094E71F4}.Release|ARM.ActiveCfg = Release|Any CPU
		{ABC81603-8E0E-413F-9552-7F09094E71F4}.Release|ARM.Build.0 = Release|Any CPU
		{ABC81603-8E0E-413F-9552-7F09094E71F4}.Release|ARM64.ActiveCfg = Release|Any CPU
		{ABC81603-8E0E-413F-9552-7F09094E71F4}.Release|ARM64.Build.0 = Release|Any CPU
		{ABC81603-8E0E-413F-9552-7F09094E71F4}.Release|iPhone.ActiveCfg = Release|Any CPU
		{ABC81603-8E0E-413F-9552-7F09094E71F4}.Release|iPhone.Build.0 = Release|Any CPU
		{ABC81603-8E0E-413F-9552-7F09094E71F4}.Release|iPhoneSimulator.ActiveCfg = Release|Any CPU
		{ABC81603-8E0E-413F-9552-7F09094E71F4}.Release|iPhoneSimulator.Build.0 = Release|Any CPU
		{ABC81603-8E0E-413F-9552-7F09094E71F4}.Release|x64.ActiveCfg = Release|Any CPU
		{ABC81603-8E0E-413F-9552-7F09094E71F4}.Release|x64.Build.0 = Release|Any CPU
		{ABC81603-8E0E-413F-9552-7F09094E71F4}.Release|x86.ActiveCfg = Release|Any CPU
		{ABC81603-8E0E-413F-9552-7F09094E71F4}.Release|x86.Build.0 = Release|Any CPU
		{7ACD2FE5-7C27-488D-820A-ACEE0F0185DB}.Debug|Any CPU.ActiveCfg = Debug|x64
		{7ACD2FE5-7C27-488D-820A-ACEE0F0185DB}.Debug|Any CPU.Build.0 = Debug|x64
		{7ACD2FE5-7C27-488D-820A-ACEE0F0185DB}.Debug|Any CPU.Deploy.0 = Debug|x64
		{7ACD2FE5-7C27-488D-820A-ACEE0F0185DB}.Debug|ARM.ActiveCfg = Debug|x64
		{7ACD2FE5-7C27-488D-820A-ACEE0F0185DB}.Debug|ARM.Build.0 = Debug|x64
		{7ACD2FE5-7C27-488D-820A-ACEE0F0185DB}.Debug|ARM.Deploy.0 = Debug|x64
		{7ACD2FE5-7C27-488D-820A-ACEE0F0185DB}.Debug|ARM64.ActiveCfg = Debug|arm64
		{7ACD2FE5-7C27-488D-820A-ACEE0F0185DB}.Debug|ARM64.Build.0 = Debug|arm64
		{7ACD2FE5-7C27-488D-820A-ACEE0F0185DB}.Debug|ARM64.Deploy.0 = Debug|arm64
		{7ACD2FE5-7C27-488D-820A-ACEE0F0185DB}.Debug|iPhone.ActiveCfg = Debug|x64
		{7ACD2FE5-7C27-488D-820A-ACEE0F0185DB}.Debug|iPhone.Build.0 = Debug|x64
		{7ACD2FE5-7C27-488D-820A-ACEE0F0185DB}.Debug|iPhone.Deploy.0 = Debug|x64
		{7ACD2FE5-7C27-488D-820A-ACEE0F0185DB}.Debug|iPhoneSimulator.ActiveCfg = Debug|x64
		{7ACD2FE5-7C27-488D-820A-ACEE0F0185DB}.Debug|iPhoneSimulator.Build.0 = Debug|x64
		{7ACD2FE5-7C27-488D-820A-ACEE0F0185DB}.Debug|iPhoneSimulator.Deploy.0 = Debug|x64
		{7ACD2FE5-7C27-488D-820A-ACEE0F0185DB}.Debug|x64.ActiveCfg = Debug|x64
		{7ACD2FE5-7C27-488D-820A-ACEE0F0185DB}.Debug|x64.Build.0 = Debug|x64
		{7ACD2FE5-7C27-488D-820A-ACEE0F0185DB}.Debug|x86.ActiveCfg = Debug|x86
		{7ACD2FE5-7C27-488D-820A-ACEE0F0185DB}.Debug|x86.Build.0 = Debug|x86
		{7ACD2FE5-7C27-488D-820A-ACEE0F0185DB}.Release|Any CPU.ActiveCfg = Release|x64
		{7ACD2FE5-7C27-488D-820A-ACEE0F0185DB}.Release|Any CPU.Build.0 = Release|x64
		{7ACD2FE5-7C27-488D-820A-ACEE0F0185DB}.Release|Any CPU.Deploy.0 = Release|x64
		{7ACD2FE5-7C27-488D-820A-ACEE0F0185DB}.Release|ARM.ActiveCfg = Release|x64
		{7ACD2FE5-7C27-488D-820A-ACEE0F0185DB}.Release|ARM.Build.0 = Release|x64
		{7ACD2FE5-7C27-488D-820A-ACEE0F0185DB}.Release|ARM64.ActiveCfg = Release|arm64
		{7ACD2FE5-7C27-488D-820A-ACEE0F0185DB}.Release|ARM64.Build.0 = Release|arm64
		{7ACD2FE5-7C27-488D-820A-ACEE0F0185DB}.Release|iPhone.ActiveCfg = Release|x64
		{7ACD2FE5-7C27-488D-820A-ACEE0F0185DB}.Release|iPhone.Build.0 = Release|x64
		{7ACD2FE5-7C27-488D-820A-ACEE0F0185DB}.Release|iPhoneSimulator.ActiveCfg = Release|x64
		{7ACD2FE5-7C27-488D-820A-ACEE0F0185DB}.Release|iPhoneSimulator.Build.0 = Release|x64
		{7ACD2FE5-7C27-488D-820A-ACEE0F0185DB}.Release|x64.ActiveCfg = Release|x64
		{7ACD2FE5-7C27-488D-820A-ACEE0F0185DB}.Release|x64.Build.0 = Release|x64
		{7ACD2FE5-7C27-488D-820A-ACEE0F0185DB}.Release|x86.ActiveCfg = Release|x86
		{7ACD2FE5-7C27-488D-820A-ACEE0F0185DB}.Release|x86.Build.0 = Release|x86
	EndGlobalSection
	GlobalSection(SolutionProperties) = preSolution
		HideSolutionNode = FALSE
	EndGlobalSection
	GlobalSection(NestedProjects) = preSolution
		{C644BC85-7237-4CC3-BA39-0BD0EFD261D2} = {39C24505-9D90-427B-9C35-6C62FABF79EA}
		{2189102C-8698-4760-A2C5-ADED686F84E2} = {C8F6CFE6-7EE4-4491-9140-36D3CB528A54}
		{ED338E50-C051-4E97-8427-136C724BE399} = {39C24505-9D90-427B-9C35-6C62FABF79EA}
		{C8F6CFE6-7EE4-4491-9140-36D3CB528A54} = {39C24505-9D90-427B-9C35-6C62FABF79EA}
		{97D2605E-524D-46C3-A712-8EDD889B0CCB} = {39C24505-9D90-427B-9C35-6C62FABF79EA}
		{2DAEDC8B-3E5C-433B-A302-38F3983B44A6} = {C8F6CFE6-7EE4-4491-9140-36D3CB528A54}
		{A0A73194-B937-4B1C-9DAA-27F7A2A49D5D} = {C8F6CFE6-7EE4-4491-9140-36D3CB528A54}
		{F5A2BDE6-4175-40F8-B73F-972CF80EEF47} = {C8F6CFE6-7EE4-4491-9140-36D3CB528A54}
		{7ACD2FE5-7C27-488D-820A-ACEE0F0185DB} = {C8F6CFE6-7EE4-4491-9140-36D3CB528A54}
		{CD172908-2A9D-472E-9979-978948CE1210} = {97D2605E-524D-46C3-A712-8EDD889B0CCB}
		{FC1C6C05-6136-4F43-81C7-140EEB4C195A} = {B46A517C-1B95-4420-9DE9-DAC80DF00475}
		{ABC81603-8E0E-413F-9552-7F09094E71F4} = {B46A517C-1B95-4420-9DE9-DAC80DF00475}
	EndGlobalSection
	GlobalSection(ExtensibilityGlobals) = postSolution
		SolutionGuid = {EF051E28-58BA-43D8-BD1B-1DE288827379}
	EndGlobalSection
EndGlobal
